# This file is generated by running "yarn install" inside your project.
# Manual changes might be lost - proceed with caution!

__metadata:
  version: 6

"@wind-pioneers/components@workspace:^, @wind-pioneers/components@workspace:packages/components":
  version: 0.0.0-use.local
  resolution: "@wind-pioneers/components@workspace:packages/components"
  languageName: unknown
  linkType: soft

"@wind-pioneers/core@workspace:^, @wind-pioneers/core@workspace:packages/core":
  version: 0.0.0-use.local
  resolution: "@wind-pioneers/core@workspace:packages/core"
  languageName: unknown
  linkType: soft

"@wind-pioneers/frontend@workspace:^, @wind-pioneers/frontend@workspace:packages/frontend":
  version: 0.0.0-use.local
  resolution: "@wind-pioneers/frontend@workspace:packages/frontend"
  languageName: unknown
  linkType: soft

"@wind-pioneers/storybook@workspace:packages/storybook":
  version: 0.0.0-use.local
  resolution: "@wind-pioneers/storybook@workspace:packages/storybook"
  dependencies:
    "@wind-pioneers/components": "workspace:^"
    "@wind-pioneers/core": "workspace:^"
    "@wind-pioneers/frontend": "workspace:^"
  languageName: unknown
  linkType: soft

"frontend-restructure@workspace:.":
  version: 0.0.0-use.local
  resolution: "frontend-restructure@workspace:."
  languageName: unknown
  linkType: soft
